
Microsoft Visual Studio Solution File, Format Version 9.00
# Visual Studio 2005
Project("{FAE04EC0-301F-11D3-BF4B-00C04F79EFBC}") = "UamWebService", "UamWebService\UamWebService.csproj", "{751AD63E-0186-4572-BE02-3002207170A5}"
EndProject
Global
	GlobalSection(SolutionConfigurationPlatforms) = preSolution
		Debug|Any CPU = Debug|Any CPU
		Release|Any CPU = Release|Any CPU
	EndGlobalSection
	GlobalSection(ProjectConfigurationPlatforms) = postSolution
		{751AD63E-0186-4572-BE02-3002207170A5}.Debug|Any CPU.ActiveCfg = Debug|Any CPU
		{751AD63E-0186-4572-BE02-3002207170A5}.Debug|Any CPU.Build.0 = Debug|Any CPU
		{751AD63E-0186-4572-BE02-3002207170A5}.Release|Any CPU.ActiveCfg = Release|Any CPU
		{751AD63E-0186-4572-BE02-3002207170A5}.Release|Any CPU.Build.0 = Release|Any CPU
	EndGlobalSection
	GlobalSection(SolutionProperties) = preSolution
		HideSolutionNode = FALSE
	EndGlobalSection
EndGlobal
